
Microsoft Visual Studio Solution File, Format Version 12.00
# Visual Studio Version 17
VisualStudioVersion = 17.4.33122.133
MinimumVisualStudioVersion = 10.0.40219.1
Project("{FAE04EC0-301F-11D3-BF4B-00C04F79EFBC}") = "AndromedaTM1Sharp", "AndromedaTM1Sharp\AndromedaTM1Sharp.csproj", "{385A0F6A-9535-45C8-9AFC-F3B00A461C11}"
EndProject
Global
	GlobalSection(SolutionConfigurationPlatforms) = preSolution
		Debug|Any CPU = Debug|Any CPU
		Release|Any CPU = Release|Any CPU
	EndGlobalSection
	GlobalSection(ProjectConfigurationPlatforms) = postSolution
		{385A0F6A-9535-45C8-9AFC-F3B00A461C11}.Debug|Any CPU.ActiveCfg = Debug|Any CPU
		{385A0F6A-9535-45C8-9AFC-F3B00A461C11}.Debug|Any CPU.Build.0 = Debug|Any CPU
		{385A0F6A-9535-45C8-9AFC-F3B00A461C11}.Release|Any CPU.ActiveCfg = Release|Any CPU
		{385A0F6A-9535-45C8-9AFC-F3B00A461C11}.Release|Any CPU.Build.0 = Release|Any CPU
	EndGlobalSection
	GlobalSection(SolutionProperties) = preSolution
		HideSolutionNode = FALSE
	EndGlobalSection
	GlobalSection(ExtensibilityGlobals) = postSolution
		SolutionGuid = {3B4EE06D-EB8C-4E3D-A4A2-0DEC081FF145}
	EndGlobalSection
EndGlobal
